{
  "originHash" : "2c44b0954c7f14d6ec847e9e6f595e66d7dd9fe466ee0dd03062867395eb64b0",
  "pins" : [
    {
      "identity" : "alamofire",
      "kind" : "remoteSourceControl",
      "location" : "https://github.com/Alamofire/Alamofire.git",
      "state" : {
        "revision" : "7be73f6c2b5cd90e40798b06ebd5da8f9f79cf88",
        "version" : "5.11.0"
      }
    },
    {
      "identity" : "ictmdbnetworkmanagerkit",
      "kind" : "remoteSourceControl",
      "location" : "https://github.com/engingulek/ICTMDBNetworkManagerKit",
      "state" : {
        "branch" : "feature/create-modular-network-layer",
        "revision" : "d0fa0d42e1d87ab25c64a04b2c8e4d075bfe3bb3"
      }
    },
    {
      "identity" : "ictmdbviewkit",
      "kind" : "remoteSourceControl",
      "location" : "https://github.com/engingulek/ICTMDBViewKit",
      "state" : {
        "branch" : "version/swiftui",
        "revision" : "eab5abfb087eaebd4c717fc8fb87a6e1a1d82156"
      }
    },
    {
      "identity" : "kingfisher",
      "kind" : "remoteSourceControl",
      "location" : "https://github.com/onevcat/Kingfisher.git",
      "state" : {
        "revision" : "d30a5fad881137e2267f96a8e3fc35c58999bb94",
        "version" : "8.6.2"
      }
    }
  ],
  "version" : 3
}
