{
  "originHash" : "ac1a77b8692595cd039b028194b305e42def4dcb8e0945d60b88f79e05a9b381",
  "pins" : [
    {
      "identity" : "alamofire",
      "kind" : "remoteSourceControl",
      "location" : "https://github.com/Alamofire/Alamofire.git",
      "state" : {
        "revision" : "7be73f6c2b5cd90e40798b06ebd5da8f9f79cf88",
        "version" : "5.11.0"
      }
    },
    {
      "identity" : "genericcollectionviewkit",
      "kind" : "remoteSourceControl",
      "location" : "https://github.com/engingulek/GenericCollectionViewKit",
      "state" : {
        "revision" : "a41d0a2baf33d22100708590eea147a6a3f7464d",
        "version" : "0.0.7"
      }
    },
    {
      "identity" : "hpdependencykit",
      "kind" : "remoteSourceControl",
      "location" : "https://github.com/engingulek/HPDependencyKit",
      "state" : {
        "revision" : "c9305c28ff55ad6eb257fbcfd014f49be7d8f47a",
        "version" : "1.0.0"
      }
    },
    {
      "identity" : "ictmdbmodularprotocols",
      "kind" : "remoteSourceControl",
      "location" : "https://github.com/engingulek/ICTMDBModularProtocols",
      "state" : {
        "revision" : "878d1b233f54741b0e787ce273e2a75171255f36",
        "version" : "0.0.1"
      }
    },
    {
      "identity" : "ictmdbnetworkmanagerkit",
      "kind" : "remoteSourceControl",
      "location" : "https://github.com/engingulek/ICTMDBNetworkManagerKit",
      "state" : {
        "revision" : "c39931f4fb42ee553ff38af589ba1e50b36aa121",
        "version" : "0.0.5"
      }
    },
    {
      "identity" : "ictmdbviewkit",
      "kind" : "remoteSourceControl",
      "location" : "https://github.com/engingulek/ICTMDBViewKit",
      "state" : {
        "revision" : "695da5e3684f62b05dbe1bef0122e84297e4654a",
        "version" : "0.0.7"
      }
    },
    {
      "identity" : "kingfisher",
      "kind" : "remoteSourceControl",
      "location" : "https://github.com/onevcat/Kingfisher.git",
      "state" : {
        "revision" : "d30a5fad881137e2267f96a8e3fc35c58999bb94",
        "version" : "8.6.2"
      }
    },
    {
      "identity" : "snapkit",
      "kind" : "remoteSourceControl",
      "location" : "https://github.com/SnapKit/SnapKit.git",
      "state" : {
        "revision" : "2842e6e84e82eb9a8dac0100ca90d9444b0307f4",
        "version" : "5.7.1"
      }
    },
    {
      "identity" : "swinject",
      "kind" : "remoteSourceControl",
      "location" : "https://github.com/Swinject/Swinject.git",
      "state" : {
        "revision" : "b685b549fe4d8ae265fc7a2f27d0789720425d69",
        "version" : "2.10.0"
      }
    }
  ],
  "version" : 3
}
