{
  "originHash" : "3146a9c77aa1ba3a07cf38d9771063def85b4f2ca98086db4c81fd99dea629cb",
  "pins" : [
    {
      "identity" : "alamofire",
      "kind" : "remoteSourceControl",
      "location" : "https://github.com/Alamofire/Alamofire.git",
      "state" : {
        "revision" : "7be73f6c2b5cd90e40798b06ebd5da8f9f79cf88",
        "version" : "5.11.0"
      }
    },
    {
      "identity" : "ictmdbnetworkmanagerkit",
      "kind" : "remoteSourceControl",
      "location" : "https://github.com/engingulek/ICTMDBNetworkManagerKit",
      "state" : {
        "branch" : "feature/create-modular-network-layer",
        "revision" : "d0fa0d42e1d87ab25c64a04b2c8e4d075bfe3bb3"
      }
    },
    {
      "identity" : "ictmdbviewkit",
      "kind" : "remoteSourceControl",
      "location" : "https://github.com/engingulek/ICTMDBViewKit",
      "state" : {
        "revision" : "cb7d4f70a03495e409ff5ff76bb8141d737d7416",
        "version" : "0.1.0"
      }
    },
    {
      "identity" : "kingfisher",
      "kind" : "remoteSourceControl",
      "location" : "https://github.com/onevcat/Kingfisher.git",
      "state" : {
        "revision" : "d30a5fad881137e2267f96a8e3fc35c58999bb94",
        "version" : "8.6.2"
      }
    }
  ],
  "version" : 3
}
